
Microsoft Visual Studio Solution File, Format Version 12.00
# Visual Studio Version 17
VisualStudioVersion = 17.7.33711.374
MinimumVisualStudioVersion = 10.0.40219.1
Project("{9A19103F-16F7-4668-BE54-9A1E7A4F7556}") = "SolarHeaterControlApi", "SolarHeaterControl\SolarHeaterControlApi.csproj", "{B21C8F66-3ECB-4AF5-AE6A-FC454141BA3C}"
EndProject
Project("{FAE04EC0-301F-11D3-BF4B-00C04F79EFBC}") = "SolarHeaterControlApp", "SolarHeaterControlApp\SolarHeaterControlApp.csproj", "{713EA3F0-ED94-43F8-846E-4A337E18958B}"
EndProject
Global
	GlobalSection(SolutionConfigurationPlatforms) = preSolution
		Debug|Any CPU = Debug|Any CPU
		Release|Any CPU = Release|Any CPU
	EndGlobalSection
	GlobalSection(ProjectConfigurationPlatforms) = postSolution
		{B21C8F66-3ECB-4AF5-AE6A-FC454141BA3C}.Debug|Any CPU.ActiveCfg = Debug|Any CPU
		{B21C8F66-3ECB-4AF5-AE6A-FC454141BA3C}.Debug|Any CPU.Build.0 = Debug|Any CPU
		{B21C8F66-3ECB-4AF5-AE6A-FC454141BA3C}.Release|Any CPU.ActiveCfg = Release|Any CPU
		{B21C8F66-3ECB-4AF5-AE6A-FC454141BA3C}.Release|Any CPU.Build.0 = Release|Any CPU
		{713EA3F0-ED94-43F8-846E-4A337E18958B}.Debug|Any CPU.ActiveCfg = Debug|Any CPU
		{713EA3F0-ED94-43F8-846E-4A337E18958B}.Debug|Any CPU.Build.0 = Debug|Any CPU
		{713EA3F0-ED94-43F8-846E-4A337E18958B}.Release|Any CPU.ActiveCfg = Release|Any CPU
		{713EA3F0-ED94-43F8-846E-4A337E18958B}.Release|Any CPU.Build.0 = Release|Any CPU
	EndGlobalSection
	GlobalSection(SolutionProperties) = preSolution
		HideSolutionNode = FALSE
	EndGlobalSection
	GlobalSection(ExtensibilityGlobals) = postSolution
		SolutionGuid = {B4565282-0410-4BCD-A12F-90F1DE0BB057}
	EndGlobalSection
EndGlobal
