
Microsoft Visual Studio Solution File, Format Version 12.00
# Visual Studio Version 17
VisualStudioVersion = 17.7.33711.374
MinimumVisualStudioVersion = 10.0.40219.1
Project("{9A19103F-16F7-4668-BE54-9A1E7A4F7556}") = "SolarRelayControl.Server", "SolarRelayControl\Server\SolarRelayControl.Server.csproj", "{963EB447-4D6D-44F4-87A6-62B875D33A45}"
EndProject
Project("{9A19103F-16F7-4668-BE54-9A1E7A4F7556}") = "SolarRelayControl.Client", "SolarRelayControl\Client\SolarRelayControl.Client.csproj", "{3E5DCE6B-B731-4118-872F-863948BEB1A0}"
EndProject
Project("{9A19103F-16F7-4668-BE54-9A1E7A4F7556}") = "SolarRelayControl.Shared", "SolarRelayControl\Shared\SolarRelayControl.Shared.csproj", "{DAF9FBBA-91CF-4604-BB34-09D27988EC80}"
EndProject
Global
	GlobalSection(SolutionConfigurationPlatforms) = preSolution
		Debug|Any CPU = Debug|Any CPU
		Release|Any CPU = Release|Any CPU
	EndGlobalSection
	GlobalSection(ProjectConfigurationPlatforms) = postSolution
		{963EB447-4D6D-44F4-87A6-62B875D33A45}.Debug|Any CPU.ActiveCfg = Debug|Any CPU
		{963EB447-4D6D-44F4-87A6-62B875D33A45}.Debug|Any CPU.Build.0 = Debug|Any CPU
		{963EB447-4D6D-44F4-87A6-62B875D33A45}.Release|Any CPU.ActiveCfg = Release|Any CPU
		{963EB447-4D6D-44F4-87A6-62B875D33A45}.Release|Any CPU.Build.0 = Release|Any CPU
		{3E5DCE6B-B731-4118-872F-863948BEB1A0}.Debug|Any CPU.ActiveCfg = Debug|Any CPU
		{3E5DCE6B-B731-4118-872F-863948BEB1A0}.Debug|Any CPU.Build.0 = Debug|Any CPU
		{3E5DCE6B-B731-4118-872F-863948BEB1A0}.Release|Any CPU.ActiveCfg = Release|Any CPU
		{3E5DCE6B-B731-4118-872F-863948BEB1A0}.Release|Any CPU.Build.0 = Release|Any CPU
		{DAF9FBBA-91CF-4604-BB34-09D27988EC80}.Debug|Any CPU.ActiveCfg = Debug|Any CPU
		{DAF9FBBA-91CF-4604-BB34-09D27988EC80}.Debug|Any CPU.Build.0 = Debug|Any CPU
		{DAF9FBBA-91CF-4604-BB34-09D27988EC80}.Release|Any CPU.ActiveCfg = Release|Any CPU
		{DAF9FBBA-91CF-4604-BB34-09D27988EC80}.Release|Any CPU.Build.0 = Release|Any CPU
	EndGlobalSection
	GlobalSection(SolutionProperties) = preSolution
		HideSolutionNode = FALSE
	EndGlobalSection
	GlobalSection(ExtensibilityGlobals) = postSolution
		SolutionGuid = {B4565282-0410-4BCD-A12F-90F1DE0BB057}
	EndGlobalSection
EndGlobal
